
Microsoft Visual Studio Solution File, Format Version 12.00
# Visual Studio Version 16
VisualStudioVersion = 16.0.29709.97
MinimumVisualStudioVersion = 10.0.40219.1
Project("{9A19103F-16F7-4668-BE54-9A1E7A4F7556}") = "BasicSyntax", "BasicSyntax\BasicSyntax.csproj", "{37125198-3A71-4AF2-965C-9592E18FE26C}"
EndProject
Project("{FAE04EC0-301F-11D3-BF4B-00C04F79EFBC}") = "Divisions", "Divisions\Divisions.csproj", "{C177C8DF-8CDA-4BE5-9304-5585BE57E25A}"
EndProject
Project("{FAE04EC0-301F-11D3-BF4B-00C04F79EFBC}") = "Vacation", "Vacation\Vacation.csproj", "{D91F17BD-6C6B-4AFE-B7E3-3491B600CDA1}"
EndProject
Project("{FAE04EC0-301F-11D3-BF4B-00C04F79EFBC}") = "PrintAndSum", "PrintAndSum\PrintAndSum.csproj", "{3598E758-26CD-4527-A921-15B3AE1B7BF5}"
EndProject
Project("{FAE04EC0-301F-11D3-BF4B-00C04F79EFBC}") = "Login", "Login\Login.csproj", "{33105AEE-FF31-43AC-9C25-EA1A23FD54BB}"
EndProject
Project("{FAE04EC0-301F-11D3-BF4B-00C04F79EFBC}") = "strongNumber", "strongNumber\strongNumber.csproj", "{654021CF-34FF-48D7-AFBF-501D988D24D4}"
EndProject
Project("{FAE04EC0-301F-11D3-BF4B-00C04F79EFBC}") = "VendingMachine", "VendingMachine\VendingMachine.csproj", "{DF57FDE1-896F-47F1-A8B2-44517DFBAEEE}"
EndProject
Project("{FAE04EC0-301F-11D3-BF4B-00C04F79EFBC}") = "TriangleOfNubers", "TriangleOfNubers\TriangleOfNubers.csproj", "{DC5D3DC2-F8FF-458C-86D1-888D794BE837}"
EndProject
Project("{FAE04EC0-301F-11D3-BF4B-00C04F79EFBC}") = "PadawanEquipment", "ConsoleApp1\PadawanEquipment.csproj", "{28721597-0C15-4F57-ACE5-5B8454A9BC1E}"
EndProject
Project("{FAE04EC0-301F-11D3-BF4B-00C04F79EFBC}") = "RageExpenses", "RageExpenses\RageExpenses.csproj", "{19665C43-D265-4B67-BCE9-D5CFF6466E14}"
EndProject
Global
	GlobalSection(SolutionConfigurationPlatforms) = preSolution
		Debug|Any CPU = Debug|Any CPU
		Release|Any CPU = Release|Any CPU
	EndGlobalSection
	GlobalSection(ProjectConfigurationPlatforms) = postSolution
		{37125198-3A71-4AF2-965C-9592E18FE26C}.Debug|Any CPU.ActiveCfg = Debug|Any CPU
		{37125198-3A71-4AF2-965C-9592E18FE26C}.Debug|Any CPU.Build.0 = Debug|Any CPU
		{37125198-3A71-4AF2-965C-9592E18FE26C}.Release|Any CPU.ActiveCfg = Release|Any CPU
		{37125198-3A71-4AF2-965C-9592E18FE26C}.Release|Any CPU.Build.0 = Release|Any CPU
		{C177C8DF-8CDA-4BE5-9304-5585BE57E25A}.Debug|Any CPU.ActiveCfg = Debug|Any CPU
		{C177C8DF-8CDA-4BE5-9304-5585BE57E25A}.Debug|Any CPU.Build.0 = Debug|Any CPU
		{C177C8DF-8CDA-4BE5-9304-5585BE57E25A}.Release|Any CPU.ActiveCfg = Release|Any CPU
		{C177C8DF-8CDA-4BE5-9304-5585BE57E25A}.Release|Any CPU.Build.0 = Release|Any CPU
		{D91F17BD-6C6B-4AFE-B7E3-3491B600CDA1}.Debug|Any CPU.ActiveCfg = Debug|Any CPU
		{D91F17BD-6C6B-4AFE-B7E3-3491B600CDA1}.Debug|Any CPU.Build.0 = Debug|Any CPU
		{D91F17BD-6C6B-4AFE-B7E3-3491B600CDA1}.Release|Any CPU.ActiveCfg = Release|Any CPU
		{D91F17BD-6C6B-4AFE-B7E3-3491B600CDA1}.Release|Any CPU.Build.0 = Release|Any CPU
		{3598E758-26CD-4527-A921-15B3AE1B7BF5}.Debug|Any CPU.ActiveCfg = Debug|Any CPU
		{3598E758-26CD-4527-A921-15B3AE1B7BF5}.Debug|Any CPU.Build.0 = Debug|Any CPU
		{3598E758-26CD-4527-A921-15B3AE1B7BF5}.Release|Any CPU.ActiveCfg = Release|Any CPU
		{3598E758-26CD-4527-A921-15B3AE1B7BF5}.Release|Any CPU.Build.0 = Release|Any CPU
		{33105AEE-FF31-43AC-9C25-EA1A23FD54BB}.Debug|Any CPU.ActiveCfg = Debug|Any CPU
		{33105AEE-FF31-43AC-9C25-EA1A23FD54BB}.Debug|Any CPU.Build.0 = Debug|Any CPU
		{33105AEE-FF31-43AC-9C25-EA1A23FD54BB}.Release|Any CPU.ActiveCfg = Release|Any CPU
		{33105AEE-FF31-43AC-9C25-EA1A23FD54BB}.Release|Any CPU.Build.0 = Release|Any CPU
		{654021CF-34FF-48D7-AFBF-501D988D24D4}.Debug|Any CPU.ActiveCfg = Debug|Any CPU
		{654021CF-34FF-48D7-AFBF-501D988D24D4}.Debug|Any CPU.Build.0 = Debug|Any CPU
		{654021CF-34FF-48D7-AFBF-501D988D24D4}.Release|Any CPU.ActiveCfg = Release|Any CPU
		{654021CF-34FF-48D7-AFBF-501D988D24D4}.Release|Any CPU.Build.0 = Release|Any CPU
		{DF57FDE1-896F-47F1-A8B2-44517DFBAEEE}.Debug|Any CPU.ActiveCfg = Debug|Any CPU
		{DF57FDE1-896F-47F1-A8B2-44517DFBAEEE}.Debug|Any CPU.Build.0 = Debug|Any CPU
		{DF57FDE1-896F-47F1-A8B2-44517DFBAEEE}.Release|Any CPU.ActiveCfg = Release|Any CPU
		{DF57FDE1-896F-47F1-A8B2-44517DFBAEEE}.Release|Any CPU.Build.0 = Release|Any CPU
		{DC5D3DC2-F8FF-458C-86D1-888D794BE837}.Debug|Any CPU.ActiveCfg = Debug|Any CPU
		{DC5D3DC2-F8FF-458C-86D1-888D794BE837}.Debug|Any CPU.Build.0 = Debug|Any CPU
		{DC5D3DC2-F8FF-458C-86D1-888D794BE837}.Release|Any CPU.ActiveCfg = Release|Any CPU
		{DC5D3DC2-F8FF-458C-86D1-888D794BE837}.Release|Any CPU.Build.0 = Release|Any CPU
		{28721597-0C15-4F57-ACE5-5B8454A9BC1E}.Debug|Any CPU.ActiveCfg = Debug|Any CPU
		{28721597-0C15-4F57-ACE5-5B8454A9BC1E}.Debug|Any CPU.Build.0 = Debug|Any CPU
		{28721597-0C15-4F57-ACE5-5B8454A9BC1E}.Release|Any CPU.ActiveCfg = Release|Any CPU
		{28721597-0C15-4F57-ACE5-5B8454A9BC1E}.Release|Any CPU.Build.0 = Release|Any CPU
		{19665C43-D265-4B67-BCE9-D5CFF6466E14}.Debug|Any CPU.ActiveCfg = Debug|Any CPU
		{19665C43-D265-4B67-BCE9-D5CFF6466E14}.Debug|Any CPU.Build.0 = Debug|Any CPU
		{19665C43-D265-4B67-BCE9-D5CFF6466E14}.Release|Any CPU.ActiveCfg = Release|Any CPU
		{19665C43-D265-4B67-BCE9-D5CFF6466E14}.Release|Any CPU.Build.0 = Release|Any CPU
	EndGlobalSection
	GlobalSection(SolutionProperties) = preSolution
		HideSolutionNode = FALSE
	EndGlobalSection
	GlobalSection(ExtensibilityGlobals) = postSolution
		SolutionGuid = {1D04ADA1-B6B5-4230-BB0E-750B200492E3}
	EndGlobalSection
EndGlobal
