
Microsoft Visual Studio Solution File, Format Version 12.00
# Visual Studio Version 16
VisualStudioVersion = 16.0.29920.165
MinimumVisualStudioVersion = 10.0.40219.1
Project("{9A19103F-16F7-4668-BE54-9A1E7A4F7556}") = "1.StringManipulatorGroup1", "1.StringManipulatorGroup1.csproj", "{3606DAC9-62B7-4BB9-B86B-17C3C1958F2A}"
EndProject
Global
	GlobalSection(SolutionConfigurationPlatforms) = preSolution
		Debug|Any CPU = Debug|Any CPU
		Release|Any CPU = Release|Any CPU
	EndGlobalSection
	GlobalSection(ProjectConfigurationPlatforms) = postSolution
		{3606DAC9-62B7-4BB9-B86B-17C3C1958F2A}.Debug|Any CPU.ActiveCfg = Debug|Any CPU
		{3606DAC9-62B7-4BB9-B86B-17C3C1958F2A}.Debug|Any CPU.Build.0 = Debug|Any CPU
		{3606DAC9-62B7-4BB9-B86B-17C3C1958F2A}.Release|Any CPU.ActiveCfg = Release|Any CPU
		{3606DAC9-62B7-4BB9-B86B-17C3C1958F2A}.Release|Any CPU.Build.0 = Release|Any CPU
	EndGlobalSection
	GlobalSection(SolutionProperties) = preSolution
		HideSolutionNode = FALSE
	EndGlobalSection
	GlobalSection(ExtensibilityGlobals) = postSolution
		SolutionGuid = {9FA4F5E3-2FBC-4130-ADF0-1953A2D2A9EA}
	EndGlobalSection
EndGlobal
