
Microsoft Visual Studio Solution File, Format Version 12.00
# Visual Studio Version 16
VisualStudioVersion = 16.0.29920.165
MinimumVisualStudioVersion = 10.0.40219.1
Project("{9A19103F-16F7-4668-BE54-9A1E7A4F7556}") = "01.EmailValidator", "finalExam7-12-19g1\01.EmailValidator.csproj", "{F6904D42-DC70-4CFE-B1F7-49C6E496F92C}"
EndProject
Project("{9A19103F-16F7-4668-BE54-9A1E7A4F7556}") = "02.Registration", "02.Registration\02.Registration.csproj", "{370E784D-27D7-4DB6-B89D-550AEC4AD85E}"
EndProject
Project("{FAE04EC0-301F-11D3-BF4B-00C04F79EFBC}") = "03.InboxManager", "03.InboxManager\03.InboxManager.csproj", "{1783E4D3-9760-4143-839F-E9D9B835E73D}"
EndProject
Global
	GlobalSection(SolutionConfigurationPlatforms) = preSolution
		Debug|Any CPU = Debug|Any CPU
		Release|Any CPU = Release|Any CPU
	EndGlobalSection
	GlobalSection(ProjectConfigurationPlatforms) = postSolution
		{F6904D42-DC70-4CFE-B1F7-49C6E496F92C}.Debug|Any CPU.ActiveCfg = Debug|Any CPU
		{F6904D42-DC70-4CFE-B1F7-49C6E496F92C}.Debug|Any CPU.Build.0 = Debug|Any CPU
		{F6904D42-DC70-4CFE-B1F7-49C6E496F92C}.Release|Any CPU.ActiveCfg = Release|Any CPU
		{F6904D42-DC70-4CFE-B1F7-49C6E496F92C}.Release|Any CPU.Build.0 = Release|Any CPU
		{370E784D-27D7-4DB6-B89D-550AEC4AD85E}.Debug|Any CPU.ActiveCfg = Debug|Any CPU
		{370E784D-27D7-4DB6-B89D-550AEC4AD85E}.Debug|Any CPU.Build.0 = Debug|Any CPU
		{370E784D-27D7-4DB6-B89D-550AEC4AD85E}.Release|Any CPU.ActiveCfg = Release|Any CPU
		{370E784D-27D7-4DB6-B89D-550AEC4AD85E}.Release|Any CPU.Build.0 = Release|Any CPU
		{1783E4D3-9760-4143-839F-E9D9B835E73D}.Debug|Any CPU.ActiveCfg = Debug|Any CPU
		{1783E4D3-9760-4143-839F-E9D9B835E73D}.Debug|Any CPU.Build.0 = Debug|Any CPU
		{1783E4D3-9760-4143-839F-E9D9B835E73D}.Release|Any CPU.ActiveCfg = Release|Any CPU
		{1783E4D3-9760-4143-839F-E9D9B835E73D}.Release|Any CPU.Build.0 = Release|Any CPU
	EndGlobalSection
	GlobalSection(SolutionProperties) = preSolution
		HideSolutionNode = FALSE
	EndGlobalSection
	GlobalSection(ExtensibilityGlobals) = postSolution
		SolutionGuid = {D17C4904-91AB-41D1-A45A-6BDEE812AD3F}
	EndGlobalSection
EndGlobal
