
Microsoft Visual Studio Solution File, Format Version 12.00
# Visual Studio Version 16
VisualStudioVersion = 16.0.29709.97
MinimumVisualStudioVersion = 10.0.40219.1
Project("{FAE04EC0-301F-11D3-BF4B-00C04F79EFBC}") = "dayOfWeek", "objectAndClassesLab\dayOfWeek.csproj", "{7CF6E0E3-31FD-446F-90E5-D09AEEDF3D85}"
EndProject
Project("{FAE04EC0-301F-11D3-BF4B-00C04F79EFBC}") = "randomizeWords", "randomizeWords\randomizeWords.csproj", "{B0A78CBF-B93B-4D5C-A95C-2D447C3754EC}"
EndProject
Project("{FAE04EC0-301F-11D3-BF4B-00C04F79EFBC}") = "bigFactorial", "bigFactorial\bigFactorial.csproj", "{92FE3FFD-9A8C-4CB6-A6C6-D250F8F27F09}"
EndProject
Project("{FAE04EC0-301F-11D3-BF4B-00C04F79EFBC}") = "songs", "songs\songs.csproj", "{7A3BA63D-8327-4EB3-B98E-703B91D92795}"
EndProject
Project("{FAE04EC0-301F-11D3-BF4B-00C04F79EFBC}") = "students", "students\students.csproj", "{0AFFE8BE-8C34-4D41-8188-3E5390E46D27}"
EndProject
Global
	GlobalSection(SolutionConfigurationPlatforms) = preSolution
		Debug|Any CPU = Debug|Any CPU
		Release|Any CPU = Release|Any CPU
	EndGlobalSection
	GlobalSection(ProjectConfigurationPlatforms) = postSolution
		{7CF6E0E3-31FD-446F-90E5-D09AEEDF3D85}.Debug|Any CPU.ActiveCfg = Debug|Any CPU
		{7CF6E0E3-31FD-446F-90E5-D09AEEDF3D85}.Debug|Any CPU.Build.0 = Debug|Any CPU
		{7CF6E0E3-31FD-446F-90E5-D09AEEDF3D85}.Release|Any CPU.ActiveCfg = Release|Any CPU
		{7CF6E0E3-31FD-446F-90E5-D09AEEDF3D85}.Release|Any CPU.Build.0 = Release|Any CPU
		{B0A78CBF-B93B-4D5C-A95C-2D447C3754EC}.Debug|Any CPU.ActiveCfg = Debug|Any CPU
		{B0A78CBF-B93B-4D5C-A95C-2D447C3754EC}.Debug|Any CPU.Build.0 = Debug|Any CPU
		{B0A78CBF-B93B-4D5C-A95C-2D447C3754EC}.Release|Any CPU.ActiveCfg = Release|Any CPU
		{B0A78CBF-B93B-4D5C-A95C-2D447C3754EC}.Release|Any CPU.Build.0 = Release|Any CPU
		{92FE3FFD-9A8C-4CB6-A6C6-D250F8F27F09}.Debug|Any CPU.ActiveCfg = Debug|Any CPU
		{92FE3FFD-9A8C-4CB6-A6C6-D250F8F27F09}.Debug|Any CPU.Build.0 = Debug|Any CPU
		{92FE3FFD-9A8C-4CB6-A6C6-D250F8F27F09}.Release|Any CPU.ActiveCfg = Release|Any CPU
		{92FE3FFD-9A8C-4CB6-A6C6-D250F8F27F09}.Release|Any CPU.Build.0 = Release|Any CPU
		{7A3BA63D-8327-4EB3-B98E-703B91D92795}.Debug|Any CPU.ActiveCfg = Debug|Any CPU
		{7A3BA63D-8327-4EB3-B98E-703B91D92795}.Debug|Any CPU.Build.0 = Debug|Any CPU
		{7A3BA63D-8327-4EB3-B98E-703B91D92795}.Release|Any CPU.ActiveCfg = Release|Any CPU
		{7A3BA63D-8327-4EB3-B98E-703B91D92795}.Release|Any CPU.Build.0 = Release|Any CPU
		{0AFFE8BE-8C34-4D41-8188-3E5390E46D27}.Debug|Any CPU.ActiveCfg = Debug|Any CPU
		{0AFFE8BE-8C34-4D41-8188-3E5390E46D27}.Debug|Any CPU.Build.0 = Debug|Any CPU
		{0AFFE8BE-8C34-4D41-8188-3E5390E46D27}.Release|Any CPU.ActiveCfg = Release|Any CPU
		{0AFFE8BE-8C34-4D41-8188-3E5390E46D27}.Release|Any CPU.Build.0 = Release|Any CPU
	EndGlobalSection
	GlobalSection(SolutionProperties) = preSolution
		HideSolutionNode = FALSE
	EndGlobalSection
	GlobalSection(ExtensibilityGlobals) = postSolution
		SolutionGuid = {B453811E-D807-43BE-88E3-EE2423322D58}
	EndGlobalSection
EndGlobal
